{
    "requires": true,
    "lockfileVersion": 1,
    "dependencies": {
        "addr-to-ip-port": {
            "version": "1.5.1",
            "resolved": "https://registry.npmjs.org/addr-to-ip-port/-/addr-to-ip-port-1.5.1.tgz",
            "integrity": "sha1-v62hP9au7qwZ8en32EtLurReUgg="
        },
        "bencode": {
            "version": "2.0.1",
            "resolved": "https://registry.npmjs.org/bencode/-/bencode-2.0.1.tgz",
            "integrity": "sha1-ZnpqMcXgONVYYIMz2mt8lOg2yFs=",
            "requires": {
                "safe-buffer": "^5.1.1"
            }
        },
        "bittorrent-peerid": {
            "version": "1.3.2",
            "resolved": "https://registry.npmjs.org/bittorrent-peerid/-/bittorrent-peerid-1.3.2.tgz",
            "integrity": "sha1-rKn/gS7AmciCB5vsYLVVijrbVvo="
        },
        "bittorrent-tracker": {
            "version": "9.15.0",
            "resolved": "https://registry.npmjs.org/bittorrent-tracker/-/bittorrent-tracker-9.15.0.tgz",
            "integrity": "sha1-VRzgZlOG+M9bJAE50qWowrKpvRY=",
            "requires": {
                "bencode": "^2.0.1",
                "bittorrent-peerid": "^1.3.2",
                "bn.js": "^5.1.1",
                "bufferutil": "^4.0.1",
                "chrome-dgram": "^3.0.4",
                "compact2string": "^1.4.1",
                "debug": "^4.1.1",
                "ip": "^1.1.5",
                "lru": "^3.1.0",
                "minimist": "^1.2.5",
                "once": "^1.4.0",
                "random-iterate": "^1.0.1",
                "randombytes": "^2.1.0",
                "run-parallel": "^1.1.9",
                "run-series": "^1.1.8",
                "simple-get": "^4.0.0",
                "simple-peer": "^9.7.1",
                "simple-websocket": "^8.1.1",
                "string2compact": "^1.3.0",
                "unordered-array-remove": "^1.0.2",
                "utf-8-validate": "^5.0.2",
                "ws": "^7.3.0"
            }
        },
        "bn.js": {
            "version": "5.1.2",
            "resolved": "https://registry.npmjs.org/bn.js/-/bn.js-5.1.2.tgz",
            "integrity": "sha1-yWhpAtPJoncp9DqxD515wgBNp7A="
        },
        "bufferutil": {
            "version": "4.0.1",
            "resolved": "https://registry.npmjs.org/bufferutil/-/bufferutil-4.0.1.tgz",
            "integrity": "sha1-Ohd+jlgZoSQ/4WtjoZmVGnrY1Kc=",
            "optional": true,
            "requires": {
                "node-gyp-build": "~3.7.0"
            }
        },
        "chrome-dgram": {
            "version": "3.0.5",
            "resolved": "https://registry.npmjs.org/chrome-dgram/-/chrome-dgram-3.0.5.tgz",
            "integrity": "sha1-fPDSVncG5BPrkTPaWEqpy50Q2mo=",
            "requires": {
                "inherits": "^2.0.1",
                "run-series": "^1.1.2"
            }
        },
        "compact2string": {
            "version": "1.4.1",
            "resolved": "https://registry.npmjs.org/compact2string/-/compact2string-1.4.1.tgz",
            "integrity": "sha1-jTSSkFX4MAoTz8AwrRgy4uU8LiU=",
            "requires": {
                "ipaddr.js": ">= 0.1.5"
            }
        },
        "debug": {
            "version": "4.1.1",
            "resolved": "https://registry.npmjs.org/debug/-/debug-4.1.1.tgz",
            "integrity": "sha1-O3ImAlUQnGtYnO4FDx1RYTlmR5E=",
            "requires": {
                "ms": "^2.1.1"
            }
        },
        "decompress-response": {
            "version": "6.0.0",
            "resolved": "https://registry.npmjs.org/decompress-response/-/decompress-response-6.0.0.tgz",
            "integrity": "sha1-yjh2Et234QS9FthaqwDV7PCcZvw=",
            "requires": {
                "mimic-response": "^3.1.0"
            }
        },
        "get-browser-rtc": {
            "version": "1.0.2",
            "resolved": "https://registry.npmjs.org/get-browser-rtc/-/get-browser-rtc-1.0.2.tgz",
            "integrity": "sha1-u81AyEUaftTvXDc7gWmkCd0dEdk="
        },
        "inherits": {
            "version": "2.0.4",
            "resolved": "https://registry.npmjs.org/inherits/-/inherits-2.0.4.tgz",
            "integrity": "sha1-D6LGT5MpF8NDOg3tVTY6rjdBa3w="
        },
        "ip": {
            "version": "1.1.5",
            "resolved": "https://registry.npmjs.org/ip/-/ip-1.1.5.tgz",
            "integrity": "sha1-vd7XARQpCCjAoDnnLvJfWq7ENUo="
        },
        "ipaddr.js": {
            "version": "1.9.1",
            "resolved": "https://registry.npmjs.org/ipaddr.js/-/ipaddr.js-1.9.1.tgz",
            "integrity": "sha1-v/OFQ+64mEglB5/zoqjmy9RngbM="
        },
        "lru": {
            "version": "3.1.0",
            "resolved": "https://registry.npmjs.org/lru/-/lru-3.1.0.tgz",
            "integrity": "sha1-6n+4VG2DczOWoTCR12z+tMBoN9U=",
            "requires": {
                "inherits": "^2.0.1"
            }
        },
        "mimic-response": {
            "version": "3.1.0",
            "resolved": "https://registry.npmjs.org/mimic-response/-/mimic-response-3.1.0.tgz",
            "integrity": "sha1-LR1Zr5wbEpgVrMwsRqAipc4fo8k="
        },
        "minimist": {
            "version": "1.2.5",
            "resolved": "https://registry.npmjs.org/minimist/-/minimist-1.2.5.tgz",
            "integrity": "sha1-Z9ZgFLZqaoqqDAg8X9WN9OTpdgI="
        },
        "ms": {
            "version": "2.1.2",
            "resolved": "https://registry.npmjs.org/ms/-/ms-2.1.2.tgz",
            "integrity": "sha1-0J0fNXtEP0kzgqjrPM0YOHKuYAk="
        },
        "node-gyp-build": {
            "version": "3.7.0",
            "resolved": "https://registry.npmjs.org/node-gyp-build/-/node-gyp-build-3.7.0.tgz",
            "integrity": "sha1-2qd6T1R7mu0+Kqx3nq8VGv1g7I0=",
            "optional": true
        },
        "once": {
            "version": "1.4.0",
            "resolved": "https://registry.npmjs.org/once/-/once-1.4.0.tgz",
            "integrity": "sha1-WDsap3WWHUsROsF9nFC6753Xa9E=",
            "requires": {
                "wrappy": "1"
            }
        },
        "queue-microtask": {
            "version": "1.1.2",
            "resolved": "https://registry.npmjs.org/queue-microtask/-/queue-microtask-1.1.2.tgz",
            "integrity": "sha1-E5v4GG2wxUUBfsZsJmSsZG1cVx4="
        },
        "random-iterate": {
            "version": "1.0.1",
            "resolved": "https://registry.npmjs.org/random-iterate/-/random-iterate-1.0.1.tgz",
            "integrity": "sha1-99l9kt7mZl7F9toIx/ljytSyrJk="
        },
        "randombytes": {
            "version": "2.1.0",
            "resolved": "https://registry.npmjs.org/randombytes/-/randombytes-2.1.0.tgz",
            "integrity": "sha1-32+ENy8CcNxlzfYpE0mrekc9Tyo=",
            "requires": {
                "safe-buffer": "^5.1.0"
            }
        },
        "readable-stream": {
            "version": "3.6.0",
            "resolved": "https://registry.npmjs.org/readable-stream/-/readable-stream-3.6.0.tgz",
            "integrity": "sha1-M3u9o63AcGvT4CRCaihtS0sskZg=",
            "requires": {
                "inherits": "^2.0.3",
                "string_decoder": "^1.1.1",
                "util-deprecate": "^1.0.1"
            }
        },
        "run-parallel": {
            "version": "1.1.9",
            "resolved": "https://registry.npmjs.org/run-parallel/-/run-parallel-1.1.9.tgz",
            "integrity": "sha1-yd06fPn0ssS2JE4XOm7YZuYd1nk="
        },
        "run-series": {
            "version": "1.1.8",
            "resolved": "https://registry.npmjs.org/run-series/-/run-series-1.1.8.tgz",
            "integrity": "sha1-LEVY9JIh4BzWNx/04KHiA+Rg/DY="
        },
        "safe-buffer": {
            "version": "5.2.1",
            "resolved": "https://registry.npmjs.org/safe-buffer/-/safe-buffer-5.2.1.tgz",
            "integrity": "sha1-Hq+fqb2x/dTsdfWPnNtOa3gn7sY="
        },
        "simple-concat": {
            "version": "1.0.0",
            "resolved": "https://registry.npmjs.org/simple-concat/-/simple-concat-1.0.0.tgz",
            "integrity": "sha1-c0TLuLbib7J9ZrL8hvn21Zl1IcY="
        },
        "simple-get": {
            "version": "4.0.0",
            "resolved": "https://registry.npmjs.org/simple-get/-/simple-get-4.0.0.tgz",
            "integrity": "sha1-c/pignjSHeg9rdVRLSzB9Icr1nU=",
            "requires": {
                "decompress-response": "^6.0.0",
                "once": "^1.3.1",
                "simple-concat": "^1.0.0"
            }
        },
        "simple-peer": {
            "version": "9.7.2",
            "resolved": "https://registry.npmjs.org/simple-peer/-/simple-peer-9.7.2.tgz",
            "integrity": "sha1-jNnLFWv0Vq2cPTeRGfDDnfs7IPc=",
            "requires": {
                "debug": "^4.0.1",
                "get-browser-rtc": "^1.0.0",
                "queue-microtask": "^1.1.0",
                "randombytes": "^2.0.3",
                "readable-stream": "^3.4.0"
            }
        },
        "simple-websocket": {
            "version": "8.1.1",
            "resolved": "https://registry.npmjs.org/simple-websocket/-/simple-websocket-8.1.1.tgz",
            "integrity": "sha1-T9aMsTAcElOyYHz+CVCovjfmEWo=",
            "requires": {
                "debug": "^4.1.1",
                "queue-microtask": "^1.1.0",
                "randombytes": "^2.0.3",
                "readable-stream": "^3.1.1",
                "ws": "^7.0.0"
            }
        },
        "string2compact": {
            "version": "1.3.0",
            "resolved": "https://registry.npmjs.org/string2compact/-/string2compact-1.3.0.tgz",
            "integrity": "sha1-ItlGEnsILRIDxRMWr2ARejN0I8M=",
            "requires": {
                "addr-to-ip-port": "^1.0.1",
                "ipaddr.js": "^1.0.1"
            }
        },
        "string_decoder": {
            "version": "1.3.0",
            "resolved": "https://registry.npmjs.org/string_decoder/-/string_decoder-1.3.0.tgz",
            "integrity": "sha1-QvEUWUpGzxqOMLCoT1bHjD7awh4=",
            "requires": {
                "safe-buffer": "~5.2.0"
            }
        },
        "unordered-array-remove": {
            "version": "1.0.2",
            "resolved": "https://registry.npmjs.org/unordered-array-remove/-/unordered-array-remove-1.0.2.tgz",
            "integrity": "sha1-xUbo+I4xegzyZEyX7LV9umbSUO8="
        },
        "utf-8-validate": {
            "version": "5.0.2",
            "resolved": "https://registry.npmjs.org/utf-8-validate/-/utf-8-validate-5.0.2.tgz",
            "integrity": "sha1-Y8+8zYXcHytmz3odDuvAjtBWv7M=",
            "optional": true,
            "requires": {
                "node-gyp-build": "~3.7.0"
            }
        },
        "util-deprecate": {
            "version": "1.0.2",
            "resolved": "https://registry.npmjs.org/util-deprecate/-/util-deprecate-1.0.2.tgz",
            "integrity": "sha1-RQ1Nyfpw3nMnYvvS1KKJgUGaDM8="
        },
        "wrappy": {
            "version": "1.0.2",
            "resolved": "https://registry.npmjs.org/wrappy/-/wrappy-1.0.2.tgz",
            "integrity": "sha1-tSQ9jz7BqjXxNkYFvA0QNuMKtp8="
        },
        "ws": {
            "version": "7.4.6",
            "resolved": "https://registry.npmjs.org/ws/-/ws-7.4.6.tgz",
            "integrity": "sha512-YmhHDO4MzaDLB+M9ym/mDA5z0naX8j7SIlT8f8z+I0VtzsRbekxEutHSme7NPS2qE8StCYQNUnfWdXta/Yu85A=="
        }
    }
}
